
Microsoft Visual Studio Solution File, Format Version 12.00
# Visual Studio Version 16
VisualStudioVersion = 16.0.31112.23
MinimumVisualStudioVersion = 10.0.40219.1
Project("{FAE04EC0-301F-11D3-BF4B-00C04F79EFBC}") = "AndresFlorez.RedSocial.Api", "AndresFlorez.RedSocial.Api\AndresFlorez.RedSocial.Api.csproj", "{866FCF9D-B02E-4BF8-9C3C-6D2A789F51EC}"
EndProject
Project("{FAE04EC0-301F-11D3-BF4B-00C04F79EFBC}") = "AndresFlorez.RedSocial.Modelo", "AndresFlorez.RedSocial.Modelo\AndresFlorez.RedSocial.Modelo.csproj", "{F2CE5BAA-B2D9-40EF-B686-EFD5562C2191}"
EndProject
Project("{FAE04EC0-301F-11D3-BF4B-00C04F79EFBC}") = "AndresFlorez.RedSocial.Datos", "AndresFlorez.RedSocial.Datos\AndresFlorez.RedSocial.Datos.csproj", "{E0524AB9-1DF6-4F11-AF10-2E753B2B064F}"
EndProject
Project("{FAE04EC0-301F-11D3-BF4B-00C04F79EFBC}") = "AndresFlorez.RedSocial.Logica", "AndresFlorez.RedSocial.Logica\AndresFlorez.RedSocial.Logica.csproj", "{B295E452-ADCE-47B5-A64E-E5330E6C219D}"
EndProject
Project("{FAE04EC0-301F-11D3-BF4B-00C04F79EFBC}") = "AndresFlorez.RedSocial.Utilidades", "AndresFlorez.RedSocial.Utilidades\AndresFlorez.RedSocial.Utilidades.csproj", "{BB8879F9-DA43-4A03-9550-7331C25BE6D0}"
EndProject
Project("{FAE04EC0-301F-11D3-BF4B-00C04F79EFBC}") = "AndresFlorez.RedSocial.Extensions", "AndresFlorez.RedSocial.Extensions\AndresFlorez.RedSocial.Extensions.csproj", "{752E2199-1373-4B48-9567-3A08CA73AD71}"
EndProject
Global
	GlobalSection(SolutionConfigurationPlatforms) = preSolution
		Debug|Any CPU = Debug|Any CPU
		Release|Any CPU = Release|Any CPU
	EndGlobalSection
	GlobalSection(ProjectConfigurationPlatforms) = postSolution
		{866FCF9D-B02E-4BF8-9C3C-6D2A789F51EC}.Debug|Any CPU.ActiveCfg = Debug|Any CPU
		{866FCF9D-B02E-4BF8-9C3C-6D2A789F51EC}.Debug|Any CPU.Build.0 = Debug|Any CPU
		{866FCF9D-B02E-4BF8-9C3C-6D2A789F51EC}.Release|Any CPU.ActiveCfg = Release|Any CPU
		{866FCF9D-B02E-4BF8-9C3C-6D2A789F51EC}.Release|Any CPU.Build.0 = Release|Any CPU
		{F2CE5BAA-B2D9-40EF-B686-EFD5562C2191}.Debug|Any CPU.ActiveCfg = Debug|Any CPU
		{F2CE5BAA-B2D9-40EF-B686-EFD5562C2191}.Debug|Any CPU.Build.0 = Debug|Any CPU
		{F2CE5BAA-B2D9-40EF-B686-EFD5562C2191}.Release|Any CPU.ActiveCfg = Release|Any CPU
		{F2CE5BAA-B2D9-40EF-B686-EFD5562C2191}.Release|Any CPU.Build.0 = Release|Any CPU
		{E0524AB9-1DF6-4F11-AF10-2E753B2B064F}.Debug|Any CPU.ActiveCfg = Debug|Any CPU
		{E0524AB9-1DF6-4F11-AF10-2E753B2B064F}.Debug|Any CPU.Build.0 = Debug|Any CPU
		{E0524AB9-1DF6-4F11-AF10-2E753B2B064F}.Release|Any CPU.ActiveCfg = Release|Any CPU
		{E0524AB9-1DF6-4F11-AF10-2E753B2B064F}.Release|Any CPU.Build.0 = Release|Any CPU
		{B295E452-ADCE-47B5-A64E-E5330E6C219D}.Debug|Any CPU.ActiveCfg = Debug|Any CPU
		{B295E452-ADCE-47B5-A64E-E5330E6C219D}.Debug|Any CPU.Build.0 = Debug|Any CPU
		{B295E452-ADCE-47B5-A64E-E5330E6C219D}.Release|Any CPU.ActiveCfg = Release|Any CPU
		{B295E452-ADCE-47B5-A64E-E5330E6C219D}.Release|Any CPU.Build.0 = Release|Any CPU
		{BB8879F9-DA43-4A03-9550-7331C25BE6D0}.Debug|Any CPU.ActiveCfg = Debug|Any CPU
		{BB8879F9-DA43-4A03-9550-7331C25BE6D0}.Debug|Any CPU.Build.0 = Debug|Any CPU
		{BB8879F9-DA43-4A03-9550-7331C25BE6D0}.Release|Any CPU.ActiveCfg = Release|Any CPU
		{BB8879F9-DA43-4A03-9550-7331C25BE6D0}.Release|Any CPU.Build.0 = Release|Any CPU
		{752E2199-1373-4B48-9567-3A08CA73AD71}.Debug|Any CPU.ActiveCfg = Debug|Any CPU
		{752E2199-1373-4B48-9567-3A08CA73AD71}.Debug|Any CPU.Build.0 = Debug|Any CPU
		{752E2199-1373-4B48-9567-3A08CA73AD71}.Release|Any CPU.ActiveCfg = Release|Any CPU
		{752E2199-1373-4B48-9567-3A08CA73AD71}.Release|Any CPU.Build.0 = Release|Any CPU
	EndGlobalSection
	GlobalSection(SolutionProperties) = preSolution
		HideSolutionNode = FALSE
	EndGlobalSection
	GlobalSection(ExtensibilityGlobals) = postSolution
		SolutionGuid = {490B7DE3-9CA3-43BC-A755-7B13425A6A34}
	EndGlobalSection
EndGlobal
